
Microsoft Visual Studio Solution File, Format Version 12.00
# Visual Studio 15
VisualStudioVersion = 15.0.28307.645
MinimumVisualStudioVersion = 10.0.40219.1
Project("{FAE04EC0-301F-11D3-BF4B-00C04F79EFBC}") = "Stock.Web", "Stock\Stock.Web.csproj", "{33BD8E42-BCC5-4698-8982-6AA92B015D3B}"
EndProject
Project("{FAE04EC0-301F-11D3-BF4B-00C04F79EFBC}") = "Stock.DAL", "Stock.DAL\Stock.DAL.csproj", "{5EB2C23D-C9BA-4BC9-B5DE-90DAFD064C10}"
EndProject
Project("{FAE04EC0-301F-11D3-BF4B-00C04F79EFBC}") = "Stock.BLL", "Stock.BLL\Stock.BLL.csproj", "{8388716A-3475-4FC8-9729-FD1DAE9D211B}"
EndProject
Project("{FAE04EC0-301F-11D3-BF4B-00C04F79EFBC}") = "Stock.Model", "Stock.Model\Stock.Model.csproj", "{56CBAF43-CA96-425E-B077-BF357811822A}"
EndProject
Global
	GlobalSection(SolutionConfigurationPlatforms) = preSolution
		Debug|Any CPU = Debug|Any CPU
		Release|Any CPU = Release|Any CPU
	EndGlobalSection
	GlobalSection(ProjectConfigurationPlatforms) = postSolution
		{33BD8E42-BCC5-4698-8982-6AA92B015D3B}.Debug|Any CPU.ActiveCfg = Debug|Any CPU
		{33BD8E42-BCC5-4698-8982-6AA92B015D3B}.Debug|Any CPU.Build.0 = Debug|Any CPU
		{33BD8E42-BCC5-4698-8982-6AA92B015D3B}.Release|Any CPU.ActiveCfg = Release|Any CPU
		{33BD8E42-BCC5-4698-8982-6AA92B015D3B}.Release|Any CPU.Build.0 = Release|Any CPU
		{5EB2C23D-C9BA-4BC9-B5DE-90DAFD064C10}.Debug|Any CPU.ActiveCfg = Debug|Any CPU
		{5EB2C23D-C9BA-4BC9-B5DE-90DAFD064C10}.Debug|Any CPU.Build.0 = Debug|Any CPU
		{5EB2C23D-C9BA-4BC9-B5DE-90DAFD064C10}.Release|Any CPU.ActiveCfg = Release|Any CPU
		{5EB2C23D-C9BA-4BC9-B5DE-90DAFD064C10}.Release|Any CPU.Build.0 = Release|Any CPU
		{8388716A-3475-4FC8-9729-FD1DAE9D211B}.Debug|Any CPU.ActiveCfg = Debug|Any CPU
		{8388716A-3475-4FC8-9729-FD1DAE9D211B}.Debug|Any CPU.Build.0 = Debug|Any CPU
		{8388716A-3475-4FC8-9729-FD1DAE9D211B}.Release|Any CPU.ActiveCfg = Release|Any CPU
		{8388716A-3475-4FC8-9729-FD1DAE9D211B}.Release|Any CPU.Build.0 = Release|Any CPU
		{56CBAF43-CA96-425E-B077-BF357811822A}.Debug|Any CPU.ActiveCfg = Debug|Any CPU
		{56CBAF43-CA96-425E-B077-BF357811822A}.Debug|Any CPU.Build.0 = Debug|Any CPU
		{56CBAF43-CA96-425E-B077-BF357811822A}.Release|Any CPU.ActiveCfg = Release|Any CPU
		{56CBAF43-CA96-425E-B077-BF357811822A}.Release|Any CPU.Build.0 = Release|Any CPU
	EndGlobalSection
	GlobalSection(SolutionProperties) = preSolution
		HideSolutionNode = FALSE
	EndGlobalSection
	GlobalSection(ExtensibilityGlobals) = postSolution
		SolutionGuid = {B2A29D35-8C0F-455A-B543-E61C01CA36B2}
	EndGlobalSection
EndGlobal
